
Microsoft Visual Studio Solution File, Format Version 12.00
# Visual Studio Version 17
VisualStudioVersion = 17.7.34024.191
MinimumVisualStudioVersion = 10.0.40219.1
Project("{2150E333-8FDC-42A3-9474-1A3956D46DE8}") = "src", "src", "{22B37348-22FE-4898-B98B-CB76A48DEFA4}"
EndProject
Project("{2150E333-8FDC-42A3-9474-1A3956D46DE8}") = "tests", "tests", "{E331E2FE-5649-43F8-8987-E5527AA34FD7}"
EndProject
Project("{2150E333-8FDC-42A3-9474-1A3956D46DE8}") = "Solution Items", "Solution Items", "{79AD3AC9-7C08-4B3F-AD82-3FE2EA858359}"
	ProjectSection(SolutionItems) = preProject
		.gitignore = .gitignore
		Directory.Build.props = Directory.Build.props
		Directory.Packages.props = Directory.Packages.props
		README.md = README.md
	EndProjectSection
EndProject
Project("{FAE04EC0-301F-11D3-BF4B-00C04F79EFBC}") = "SampleWorker", "src\SampleWorker\SampleWorker.csproj", "{22A0DC29-5408-4EE6-AF84-ED42C9E48F43}"
EndProject
Project("{FAE04EC0-301F-11D3-BF4B-00C04F79EFBC}") = "Contracts", "src\Contracts\Contracts.csproj", "{58E849CE-7431-40E6-BEBD-A348D61DDF80}"
EndProject
Project("{FAE04EC0-301F-11D3-BF4B-00C04F79EFBC}") = "SampleApi", "src\SampleApi\SampleApi.csproj", "{37128DCA-2F07-4F9D-9B07-66319BDD967F}"
EndProject
Global
	GlobalSection(SolutionConfigurationPlatforms) = preSolution
		Debug|Any CPU = Debug|Any CPU
		Release|Any CPU = Release|Any CPU
	EndGlobalSection
	GlobalSection(ProjectConfigurationPlatforms) = postSolution
		{22A0DC29-5408-4EE6-AF84-ED42C9E48F43}.Debug|Any CPU.ActiveCfg = Debug|Any CPU
		{22A0DC29-5408-4EE6-AF84-ED42C9E48F43}.Debug|Any CPU.Build.0 = Debug|Any CPU
		{22A0DC29-5408-4EE6-AF84-ED42C9E48F43}.Release|Any CPU.ActiveCfg = Release|Any CPU
		{22A0DC29-5408-4EE6-AF84-ED42C9E48F43}.Release|Any CPU.Build.0 = Release|Any CPU
		{58E849CE-7431-40E6-BEBD-A348D61DDF80}.Debug|Any CPU.ActiveCfg = Debug|Any CPU
		{58E849CE-7431-40E6-BEBD-A348D61DDF80}.Debug|Any CPU.Build.0 = Debug|Any CPU
		{58E849CE-7431-40E6-BEBD-A348D61DDF80}.Release|Any CPU.ActiveCfg = Release|Any CPU
		{58E849CE-7431-40E6-BEBD-A348D61DDF80}.Release|Any CPU.Build.0 = Release|Any CPU
		{37128DCA-2F07-4F9D-9B07-66319BDD967F}.Debug|Any CPU.ActiveCfg = Debug|Any CPU
		{37128DCA-2F07-4F9D-9B07-66319BDD967F}.Debug|Any CPU.Build.0 = Debug|Any CPU
		{37128DCA-2F07-4F9D-9B07-66319BDD967F}.Release|Any CPU.ActiveCfg = Release|Any CPU
		{37128DCA-2F07-4F9D-9B07-66319BDD967F}.Release|Any CPU.Build.0 = Release|Any CPU
	EndGlobalSection
	GlobalSection(SolutionProperties) = preSolution
		HideSolutionNode = FALSE
	EndGlobalSection
	GlobalSection(NestedProjects) = preSolution
		{22A0DC29-5408-4EE6-AF84-ED42C9E48F43} = {22B37348-22FE-4898-B98B-CB76A48DEFA4}
		{58E849CE-7431-40E6-BEBD-A348D61DDF80} = {22B37348-22FE-4898-B98B-CB76A48DEFA4}
		{37128DCA-2F07-4F9D-9B07-66319BDD967F} = {22B37348-22FE-4898-B98B-CB76A48DEFA4}
	EndGlobalSection
	GlobalSection(ExtensibilityGlobals) = postSolution
		SolutionGuid = {1C88D193-BE84-48BF-A178-1678B810A4B7}
	EndGlobalSection
EndGlobal
